// !$*UTF8*$!
{
	archiveVersion = 1;
	classes = {
	};
	objectVersion = 55;
	objects = {

/* Begin PBXBuildFile section */
		FA2067722B8B0C9500B17552 /* ProductCustomCell.swift in Sources */ = {isa = PBXBuildFile; fileRef = FA2067712B8B0C9400B17552 /* ProductCustomCell.swift */; };
		FAC561082B88F6FA00AE8FFF /* HomaPageController.swift in Sources */ = {isa = PBXBuildFile; fileRef = FAC561072B88F6FA00AE8FFF /* HomaPageController.swift */; };
		FAC5610A2B88F75F00AE8FFF /* CartPageController.swift in Sources */ = {isa = PBXBuildFile; fileRef = FAC561092B88F75F00AE8FFF /* CartPageController.swift */; };
		FAC5610D2B890D1500AE8FFF /* SQLite in Frameworks */ = {isa = PBXBuildFile; productRef = FAC5610C2B890D1500AE8FFF /* SQLite */; };
		FAC5610F2B890D4D00AE8FFF /* DataBaseManager.swift in Sources */ = {isa = PBXBuildFile; fileRef = FAC5610E2B890D4D00AE8FFF /* DataBaseManager.swift */; };
		FAD4933B2B8B490700DC8CCF /* SDWebImage in Frameworks */ = {isa = PBXBuildFile; productRef = FAD4933A2B8B490700DC8CCF /* SDWebImage */; };
		FAD4933D2B8B490700DC8CCF /* SDWebImageMapKit in Frameworks */ = {isa = PBXBuildFile; productRef = FAD4933C2B8B490700DC8CCF /* SDWebImageMapKit */; };
		FAEBB9DB2B88C5F300C31610 /* ViewController.swift in Sources */ = {isa = PBXBuildFile; fileRef = FAEBB9DA2B88C5F300C31610 /* ViewController.swift */; };
		FAF0F8832B88891400290E31 /* Tests_iOS.swift in Sources */ = {isa = PBXBuildFile; fileRef = FAF0F8822B88891400290E31 /* Tests_iOS.swift */; };
		FAF0F8852B88891400290E31 /* Tests_iOSLaunchTests.swift in Sources */ = {isa = PBXBuildFile; fileRef = FAF0F8842B88891400290E31 /* Tests_iOSLaunchTests.swift */; };
		FAF0F88F2B88891400290E31 /* Tests_macOS.swift in Sources */ = {isa = PBXBuildFile; fileRef = FAF0F88E2B88891400290E31 /* Tests_macOS.swift */; };
		FAF0F8912B88891400290E31 /* Tests_macOSLaunchTests.swift in Sources */ = {isa = PBXBuildFile; fileRef = FAF0F8902B88891400290E31 /* Tests_macOSLaunchTests.swift */; };
		FAF0F8962B88891400290E31 /* Assets.xcassets in Resources */ = {isa = PBXBuildFile; fileRef = FAF0F86C2B88891400290E31 /* Assets.xcassets */; };
		FAF0F8972B88891400290E31 /* Assets.xcassets in Resources */ = {isa = PBXBuildFile; fileRef = FAF0F86C2B88891400290E31 /* Assets.xcassets */; };
		FAF0F8A92B888FF900290E31 /* MainStoryboard.storyboard in Resources */ = {isa = PBXBuildFile; fileRef = FAF0F8A82B888FF900290E31 /* MainStoryboard.storyboard */; };
		FAF0F8AB2B8896AD00290E31 /* AppDelegate.swift in Sources */ = {isa = PBXBuildFile; fileRef = FAF0F8AA2B8896AD00290E31 /* AppDelegate.swift */; };
/* End PBXBuildFile section */

/* Begin PBXContainerItemProxy section */
		FAF0F87F2B88891400290E31 /* PBXContainerItemProxy */ = {
			isa = PBXContainerItemProxy;
			containerPortal = FAF0F8652B88891100290E31 /* Project object */;
			proxyType = 1;
			remoteGlobalIDString = FAF0F8702B88891400290E31;
			remoteInfo = "E-Buy (iOS)";
		};
		FAF0F88B2B88891400290E31 /* PBXContainerItemProxy */ = {
			isa = PBXContainerItemProxy;
			containerPortal = FAF0F8652B88891100290E31 /* Project object */;
			proxyType = 1;
			remoteGlobalIDString = FAF0F8762B88891400290E31;
			remoteInfo = "E-Buy (macOS)";
		};
/* End PBXContainerItemProxy section */

/* Begin PBXFileReference section */
		FA2067712B8B0C9400B17552 /* ProductCustomCell.swift */ = {isa = PBXFileReference; lastKnownFileType = sourcecode.swift; path = ProductCustomCell.swift; sourceTree = "<group>"; };
		FAC561072B88F6FA00AE8FFF /* HomaPageController.swift */ = {isa = PBXFileReference; lastKnownFileType = sourcecode.swift; path = HomaPageController.swift; sourceTree = "<group>"; };
		FAC561092B88F75F00AE8FFF /* CartPageController.swift */ = {isa = PBXFileReference; lastKnownFileType = sourcecode.swift; path = CartPageController.swift; sourceTree = "<group>"; };
		FAC5610E2B890D4D00AE8FFF /* DataBaseManager.swift */ = {isa = PBXFileReference; lastKnownFileType = sourcecode.swift; path = DataBaseManager.swift; sourceTree = "<group>"; };
		FAEBB9DA2B88C5F300C31610 /* ViewController.swift */ = {isa = PBXFileReference; lastKnownFileType = sourcecode.swift; path = ViewController.swift; sourceTree = "<group>"; };
		FAEBBA692B88D27600C31610 /* E-Buy--iOS--Info.plist */ = {isa = PBXFileReference; lastKnownFileType = text.plist; path = "E-Buy--iOS--Info.plist"; sourceTree = "<group>"; };
		FAF0F86C2B88891400290E31 /* Assets.xcassets */ = {isa = PBXFileReference; lastKnownFileType = folder.assetcatalog; path = Assets.xcassets; sourceTree = "<group>"; };
		FAF0F8712B88891400290E31 /* E-Buy.app */ = {isa = PBXFileReference; explicitFileType = wrapper.application; includeInIndex = 0; path = "E-Buy.app"; sourceTree = BUILT_PRODUCTS_DIR; };
		FAF0F8772B88891400290E31 /* E-Buy.app */ = {isa = PBXFileReference; explicitFileType = wrapper.application; includeInIndex = 0; path = "E-Buy.app"; sourceTree = BUILT_PRODUCTS_DIR; };
		FAF0F8792B88891400290E31 /* macOS.entitlements */ = {isa = PBXFileReference; lastKnownFileType = text.plist.entitlements; path = macOS.entitlements; sourceTree = "<group>"; };
		FAF0F87E2B88891400290E31 /* Tests iOS.xctest */ = {isa = PBXFileReference; explicitFileType = wrapper.cfbundle; includeInIndex = 0; path = "Tests iOS.xctest"; sourceTree = BUILT_PRODUCTS_DIR; };
		FAF0F8822B88891400290E31 /* Tests_iOS.swift */ = {isa = PBXFileReference; lastKnownFileType = sourcecode.swift; path = Tests_iOS.swift; sourceTree = "<group>"; };
		FAF0F8842B88891400290E31 /* Tests_iOSLaunchTests.swift */ = {isa = PBXFileReference; lastKnownFileType = sourcecode.swift; path = Tests_iOSLaunchTests.swift; sourceTree = "<group>"; };
		FAF0F88A2B88891400290E31 /* Tests macOS.xctest */ = {isa = PBXFileReference; explicitFileType = wrapper.cfbundle; includeInIndex = 0; path = "Tests macOS.xctest"; sourceTree = BUILT_PRODUCTS_DIR; };
		FAF0F88E2B88891400290E31 /* Tests_macOS.swift */ = {isa = PBXFileReference; lastKnownFileType = sourcecode.swift; path = Tests_macOS.swift; sourceTree = "<group>"; };
		FAF0F8902B88891400290E31 /* Tests_macOSLaunchTests.swift */ = {isa = PBXFileReference; lastKnownFileType = sourcecode.swift; path = Tests_macOSLaunchTests.swift; sourceTree = "<group>"; };
		FAF0F8A82B888FF900290E31 /* MainStoryboard.storyboard */ = {isa = PBXFileReference; lastKnownFileType = file.storyboard; path = MainStoryboard.storyboard; sourceTree = "<group>"; };
		FAF0F8AA2B8896AD00290E31 /* AppDelegate.swift */ = {isa = PBXFileReference; lastKnownFileType = sourcecode.swift; path = AppDelegate.swift; sourceTree = "<group>"; };
/* End PBXFileReference section */

/* Begin PBXFrameworksBuildPhase section */
		FAF0F86E2B88891400290E31 /* Frameworks */ = {
			isa = PBXFrameworksBuildPhase;
			buildActionMask = 2147483647;
			files = (
				FAD4933B2B8B490700DC8CCF /* SDWebImage in Frameworks */,
				FAD4933D2B8B490700DC8CCF /* SDWebImageMapKit in Frameworks */,
				FAC5610D2B890D1500AE8FFF /* SQLite in Frameworks */,
			);
			runOnlyForDeploymentPostprocessing = 0;
		};
		FAF0F8742B88891400290E31 /* Frameworks */ = {
			isa = PBXFrameworksBuildPhase;
			buildActionMask = 2147483647;
			files = (
			);
			runOnlyForDeploymentPostprocessing = 0;
		};
		FAF0F87B2B88891400290E31 /* Frameworks */ = {
			isa = PBXFrameworksBuildPhase;
			buildActionMask = 2147483647;
			files = (
			);
			runOnlyForDeploymentPostprocessing = 0;
		};
		FAF0F8872B88891400290E31 /* Frameworks */ = {
			isa = PBXFrameworksBuildPhase;
			buildActionMask = 2147483647;
			files = (
			);
			runOnlyForDeploymentPostprocessing = 0;
		};
/* End PBXFrameworksBuildPhase section */

/* Begin PBXGroup section */
		FAF0F8642B88891100290E31 = {
			isa = PBXGroup;
			children = (
				FA2067712B8B0C9400B17552 /* ProductCustomCell.swift */,
				FAC5610E2B890D4D00AE8FFF /* DataBaseManager.swift */,
				FAC561092B88F75F00AE8FFF /* CartPageController.swift */,
				FAC561072B88F6FA00AE8FFF /* HomaPageController.swift */,
				FAEBBA692B88D27600C31610 /* E-Buy--iOS--Info.plist */,
				FAEBB9DA2B88C5F300C31610 /* ViewController.swift */,
				FAF0F8AA2B8896AD00290E31 /* AppDelegate.swift */,
				FAF0F8A82B888FF900290E31 /* MainStoryboard.storyboard */,
				FAF0F8692B88891100290E31 /* Shared */,
				FAF0F8782B88891400290E31 /* macOS */,
				FAF0F8812B88891400290E31 /* Tests iOS */,
				FAF0F88D2B88891400290E31 /* Tests macOS */,
				FAF0F8722B88891400290E31 /* Products */,
			);
			sourceTree = "<group>";
		};
		FAF0F8692B88891100290E31 /* Shared */ = {
			isa = PBXGroup;
			children = (
				FAF0F86C2B88891400290E31 /* Assets.xcassets */,
			);
			path = Shared;
			sourceTree = "<group>";
		};
		FAF0F8722B88891400290E31 /* Products */ = {
			isa = PBXGroup;
			children = (
				FAF0F8712B88891400290E31 /* E-Buy.app */,
				FAF0F8772B88891400290E31 /* E-Buy.app */,
				FAF0F87E2B88891400290E31 /* Tests iOS.xctest */,
				FAF0F88A2B88891400290E31 /* Tests macOS.xctest */,
			);
			name = Products;
			sourceTree = "<group>";
		};
		FAF0F8782B88891400290E31 /* macOS */ = {
			isa = PBXGroup;
			children = (
				FAF0F8792B88891400290E31 /* macOS.entitlements */,
			);
			path = macOS;
			sourceTree = "<group>";
		};
		FAF0F8812B88891400290E31 /* Tests iOS */ = {
			isa = PBXGroup;
			children = (
				FAF0F8822B88891400290E31 /* Tests_iOS.swift */,
				FAF0F8842B88891400290E31 /* Tests_iOSLaunchTests.swift */,
			);
			path = "Tests iOS";
			sourceTree = "<group>";
		};
		FAF0F88D2B88891400290E31 /* Tests macOS */ = {
			isa = PBXGroup;
			children = (
				FAF0F88E2B88891400290E31 /* Tests_macOS.swift */,
				FAF0F8902B88891400290E31 /* Tests_macOSLaunchTests.swift */,
			);
			path = "Tests macOS";
			sourceTree = "<group>";
		};
/* End PBXGroup section */

/* Begin PBXNativeTarget section */
		FAF0F8702B88891400290E31 /* E-Buy (iOS) */ = {
			isa = PBXNativeTarget;
			buildConfigurationList = FAF0F89A2B88891400290E31 /* Build configuration list for PBXNativeTarget "E-Buy (iOS)" */;
			buildPhases = (
				FAF0F86D2B88891400290E31 /* Sources */,
				FAF0F86E2B88891400290E31 /* Frameworks */,
				FAF0F86F2B88891400290E31 /* Resources */,
			);
			buildRules = (
			);
			dependencies = (
			);
			name = "E-Buy (iOS)";
			packageProductDependencies = (
				FAC5610C2B890D1500AE8FFF /* SQLite */,
				FAD4933A2B8B490700DC8CCF /* SDWebImage */,
				FAD4933C2B8B490700DC8CCF /* SDWebImageMapKit */,
			);
			productName = "E-Buy (iOS)";
			productReference = FAF0F8712B88891400290E31 /* E-Buy.app */;
			productType = "com.apple.product-type.application";
		};
		FAF0F8762B88891400290E31 /* E-Buy (macOS) */ = {
			isa = PBXNativeTarget;
			buildConfigurationList = FAF0F89D2B88891400290E31 /* Build configuration list for PBXNativeTarget "E-Buy (macOS)" */;
			buildPhases = (
				FAF0F8732B88891400290E31 /* Sources */,
				FAF0F8742B88891400290E31 /* Frameworks */,
				FAF0F8752B88891400290E31 /* Resources */,
			);
			buildRules = (
			);
			dependencies = (
			);
			name = "E-Buy (macOS)";
			productName = "E-Buy (macOS)";
			productReference = FAF0F8772B88891400290E31 /* E-Buy.app */;
			productType = "com.apple.product-type.application";
		};
		FAF0F87D2B88891400290E31 /* Tests iOS */ = {
			isa = PBXNativeTarget;
			buildConfigurationList = FAF0F8A02B88891400290E31 /* Build configuration list for PBXNativeTarget "Tests iOS" */;
			buildPhases = (
				FAF0F87A2B88891400290E31 /* Sources */,
				FAF0F87B2B88891400290E31 /* Frameworks */,
				FAF0F87C2B88891400290E31 /* Resources */,
			);
			buildRules = (
			);
			dependencies = (
				FAF0F8802B88891400290E31 /* PBXTargetDependency */,
			);
			name = "Tests iOS";
			productName = "Tests iOS";
			productReference = FAF0F87E2B88891400290E31 /* Tests iOS.xctest */;
			productType = "com.apple.product-type.bundle.ui-testing";
		};
		FAF0F8892B88891400290E31 /* Tests macOS */ = {
			isa = PBXNativeTarget;
			buildConfigurationList = FAF0F8A32B88891400290E31 /* Build configuration list for PBXNativeTarget "Tests macOS" */;
			buildPhases = (
				FAF0F8862B88891400290E31 /* Sources */,
				FAF0F8872B88891400290E31 /* Frameworks */,
				FAF0F8882B88891400290E31 /* Resources */,
			);
			buildRules = (
			);
			dependencies = (
				FAF0F88C2B88891400290E31 /* PBXTargetDependency */,
			);
			name = "Tests macOS";
			productName = "Tests macOS";
			productReference = FAF0F88A2B88891400290E31 /* Tests macOS.xctest */;
			productType = "com.apple.product-type.bundle.ui-testing";
		};
/* End PBXNativeTarget section */

/* Begin PBXProject section */
		FAF0F8652B88891100290E31 /* Project object */ = {
			isa = PBXProject;
			attributes = {
				BuildIndependentTargetsInParallel = 1;
				LastSwiftUpdateCheck = 1320;
				LastUpgradeCheck = 1320;
				TargetAttributes = {
					FAF0F8702B88891400290E31 = {
						CreatedOnToolsVersion = 13.2;
					};
					FAF0F8762B88891400290E31 = {
						CreatedOnToolsVersion = 13.2;
					};
					FAF0F87D2B88891400290E31 = {
						CreatedOnToolsVersion = 13.2;
						TestTargetID = FAF0F8702B88891400290E31;
					};
					FAF0F8892B88891400290E31 = {
						CreatedOnToolsVersion = 13.2;
						TestTargetID = FAF0F8762B88891400290E31;
					};
				};
			};
			buildConfigurationList = FAF0F8682B88891100290E31 /* Build configuration list for PBXProject "E-Buy" */;
			compatibilityVersion = "Xcode 13.0";
			developmentRegion = en;
			hasScannedForEncodings = 0;
			knownRegions = (
				en,
				Base,
			);
			mainGroup = FAF0F8642B88891100290E31;
			packageReferences = (
				FAC5610B2B890D1500AE8FFF /* XCRemoteSwiftPackageReference "SQLite.swift" */,
				FAD493392B8B490700DC8CCF /* XCRemoteSwiftPackageReference "SDWebImage" */,
			);
			productRefGroup = FAF0F8722B88891400290E31 /* Products */;
			projectDirPath = "";
			projectRoot = "";
			targets = (
				FAF0F8702B88891400290E31 /* E-Buy (iOS) */,
				FAF0F8762B88891400290E31 /* E-Buy (macOS) */,
				FAF0F87D2B88891400290E31 /* Tests iOS */,
				FAF0F8892B88891400290E31 /* Tests macOS */,
			);
		};
/* End PBXProject section */

/* Begin PBXResourcesBuildPhase section */
		FAF0F86F2B88891400290E31 /* Resources */ = {
			isa = PBXResourcesBuildPhase;
			buildActionMask = 2147483647;
			files = (
				FAF0F8A92B888FF900290E31 /* MainStoryboard.storyboard in Resources */,
				FAF0F8962B88891400290E31 /* Assets.xcassets in Resources */,
			);
			runOnlyForDeploymentPostprocessing = 0;
		};
		FAF0F8752B88891400290E31 /* Resources */ = {
			isa = PBXResourcesBuildPhase;
			buildActionMask = 2147483647;
			files = (
				FAF0F8972B88891400290E31 /* Assets.xcassets in Resources */,
			);
			runOnlyForDeploymentPostprocessing = 0;
		};
		FAF0F87C2B88891400290E31 /* Resources */ = {
			isa = PBXResourcesBuildPhase;
			buildActionMask = 2147483647;
			files = (
			);
			runOnlyForDeploymentPostprocessing = 0;
		};
		FAF0F8882B88891400290E31 /* Resources */ = {
			isa = PBXResourcesBuildPhase;
			buildActionMask = 2147483647;
			files = (
			);
			runOnlyForDeploymentPostprocessing = 0;
		};
/* End PBXResourcesBuildPhase section */

/* Begin PBXSourcesBuildPhase section */
		FAF0F86D2B88891400290E31 /* Sources */ = {
			isa = PBXSourcesBuildPhase;
			buildActionMask = 2147483647;
			files = (
				FAEBB9DB2B88C5F300C31610 /* ViewController.swift in Sources */,
				FAF0F8AB2B8896AD00290E31 /* AppDelegate.swift in Sources */,
				FA2067722B8B0C9500B17552 /* ProductCustomCell.swift in Sources */,
				FAC5610A2B88F75F00AE8FFF /* CartPageController.swift in Sources */,
				FAC561082B88F6FA00AE8FFF /* HomaPageController.swift in Sources */,
				FAC5610F2B890D4D00AE8FFF /* DataBaseManager.swift in Sources */,
			);
			runOnlyForDeploymentPostprocessing = 0;
		};
		FAF0F8732B88891400290E31 /* Sources */ = {
			isa = PBXSourcesBuildPhase;
			buildActionMask = 2147483647;
			files = (
			);
			runOnlyForDeploymentPostprocessing = 0;
		};
		FAF0F87A2B88891400290E31 /* Sources */ = {
			isa = PBXSourcesBuildPhase;
			buildActionMask = 2147483647;
			files = (
				FAF0F8852B88891400290E31 /* Tests_iOSLaunchTests.swift in Sources */,
				FAF0F8832B88891400290E31 /* Tests_iOS.swift in Sources */,
			);
			runOnlyForDeploymentPostprocessing = 0;
		};
		FAF0F8862B88891400290E31 /* Sources */ = {
			isa = PBXSourcesBuildPhase;
			buildActionMask = 2147483647;
			files = (
				FAF0F8912B88891400290E31 /* Tests_macOSLaunchTests.swift in Sources */,
				FAF0F88F2B88891400290E31 /* Tests_macOS.swift in Sources */,
			);
			runOnlyForDeploymentPostprocessing = 0;
		};
/* End PBXSourcesBuildPhase section */

/* Begin PBXTargetDependency section */
		FAF0F8802B88891400290E31 /* PBXTargetDependency */ = {
			isa = PBXTargetDependency;
			target = FAF0F8702B88891400290E31 /* E-Buy (iOS) */;
			targetProxy = FAF0F87F2B88891400290E31 /* PBXContainerItemProxy */;
		};
		FAF0F88C2B88891400290E31 /* PBXTargetDependency */ = {
			isa = PBXTargetDependency;
			target = FAF0F8762B88891400290E31 /* E-Buy (macOS) */;
			targetProxy = FAF0F88B2B88891400290E31 /* PBXContainerItemProxy */;
		};
/* End PBXTargetDependency section */

/* Begin XCBuildConfiguration section */
		FAF0F8982B88891400290E31 /* Debug */ = {
			isa = XCBuildConfiguration;
			buildSettings = {
				ALWAYS_SEARCH_USER_PATHS = NO;
				CLANG_ANALYZER_NONNULL = YES;
				CLANG_ANALYZER_NUMBER_OBJECT_CONVERSION = YES_AGGRESSIVE;
				CLANG_CXX_LANGUAGE_STANDARD = "gnu++17";
				CLANG_CXX_LIBRARY = "libc++";
				CLANG_ENABLE_MODULES = YES;
				CLANG_ENABLE_OBJC_ARC = YES;
				CLANG_ENABLE_OBJC_WEAK = YES;
				CLANG_WARN_BLOCK_CAPTURE_AUTORELEASING = YES;
				CLANG_WARN_BOOL_CONVERSION = YES;
				CLANG_WARN_COMMA = YES;
				CLANG_WARN_CONSTANT_CONVERSION = YES;
				CLANG_WARN_DEPRECATED_OBJC_IMPLEMENTATIONS = YES;
				CLANG_WARN_DIRECT_OBJC_ISA_USAGE = YES_ERROR;
				CLANG_WARN_DOCUMENTATION_COMMENTS = YES;
				CLANG_WARN_EMPTY_BODY = YES;
				CLANG_WARN_ENUM_CONVERSION = YES;
				CLANG_WARN_INFINITE_RECURSION = YES;
				CLANG_WARN_INT_CONVERSION = YES;
				CLANG_WARN_NON_LITERAL_NULL_CONVERSION = YES;
				CLANG_WARN_OBJC_IMPLICIT_RETAIN_SELF = YES;
				CLANG_WARN_OBJC_LITERAL_CONVERSION = YES;
				CLANG_WARN_OBJC_ROOT_CLASS = YES_ERROR;
				CLANG_WARN_QUOTED_INCLUDE_IN_FRAMEWORK_HEADER = YES;
				CLANG_WARN_RANGE_LOOP_ANALYSIS = YES;
				CLANG_WARN_STRICT_PROTOTYPES = YES;
				CLANG_WARN_SUSPICIOUS_MOVE = YES;
				CLANG_WARN_UNGUARDED_AVAILABILITY = YES_AGGRESSIVE;
				CLANG_WARN_UNREACHABLE_CODE = YES;
				CLANG_WARN__DUPLICATE_METHOD_MATCH = YES;
				COPY_PHASE_STRIP = NO;
				DEBUG_INFORMATION_FORMAT = dwarf;
				ENABLE_STRICT_OBJC_MSGSEND = YES;
				ENABLE_TESTABILITY = YES;
				GCC_C_LANGUAGE_STANDARD = gnu11;
				GCC_DYNAMIC_NO_PIC = NO;
				GCC_NO_COMMON_BLOCKS = YES;
				GCC_OPTIMIZATION_LEVEL = 0;
				GCC_PREPROCESSOR_DEFINITIONS = (
					"DEBUG=1",
					"$(inherited)",
				);
				GCC_WARN_64_TO_32_BIT_CONVERSION = YES;
				GCC_WARN_ABOUT_RETURN_TYPE = YES_ERROR;
				GCC_WARN_UNDECLARED_SELECTOR = YES;
				GCC_WARN_UNINITIALIZED_AUTOS = YES_AGGRESSIVE;
				GCC_WARN_UNUSED_FUNCTION = YES;
				GCC_WARN_UNUSED_VARIABLE = YES;
				MTL_ENABLE_DEBUG_INFO = INCLUDE_SOURCE;
				MTL_FAST_MATH = YES;
				ONLY_ACTIVE_ARCH = YES;
				SWIFT_ACTIVE_COMPILATION_CONDITIONS = DEBUG;
				SWIFT_OPTIMIZATION_LEVEL = "-Onone";
			};
			name = Debug;
		};
		FAF0F8992B88891400290E31 /* Release */ = {
			isa = XCBuildConfiguration;
			buildSettings = {
				ALWAYS_SEARCH_USER_PATHS = NO;
				CLANG_ANALYZER_NONNULL = YES;
				CLANG_ANALYZER_NUMBER_OBJECT_CONVERSION = YES_AGGRESSIVE;
				CLANG_CXX_LANGUAGE_STANDARD = "gnu++17";
				CLANG_CXX_LIBRARY = "libc++";
				CLANG_ENABLE_MODULES = YES;
				CLANG_ENABLE_OBJC_ARC = YES;
				CLANG_ENABLE_OBJC_WEAK = YES;
				CLANG_WARN_BLOCK_CAPTURE_AUTORELEASING = YES;
				CLANG_WARN_BOOL_CONVERSION = YES;
				CLANG_WARN_COMMA = YES;
				CLANG_WARN_CONSTANT_CONVERSION = YES;
				CLANG_WARN_DEPRECATED_OBJC_IMPLEMENTATIONS = YES;
				CLANG_WARN_DIRECT_OBJC_ISA_USAGE = YES_ERROR;
				CLANG_WARN_DOCUMENTATION_COMMENTS = YES;
				CLANG_WARN_EMPTY_BODY = YES;
				CLANG_WARN_ENUM_CONVERSION = YES;
				CLANG_WARN_INFINITE_RECURSION = YES;
				CLANG_WARN_INT_CONVERSION = YES;
				CLANG_WARN_NON_LITERAL_NULL_CONVERSION = YES;
				CLANG_WARN_OBJC_IMPLICIT_RETAIN_SELF = YES;
				CLANG_WARN_OBJC_LITERAL_CONVERSION = YES;
				CLANG_WARN_OBJC_ROOT_CLASS = YES_ERROR;
				CLANG_WARN_QUOTED_INCLUDE_IN_FRAMEWORK_HEADER = YES;
				CLANG_WARN_RANGE_LOOP_ANALYSIS = YES;
				CLANG_WARN_STRICT_PROTOTYPES = YES;
				CLANG_WARN_SUSPICIOUS_MOVE = YES;
				CLANG_WARN_UNGUARDED_AVAILABILITY = YES_AGGRESSIVE;
				CLANG_WARN_UNREACHABLE_CODE = YES;
				CLANG_WARN__DUPLICATE_METHOD_MATCH = YES;
				COPY_PHASE_STRIP = NO;
				DEBUG_INFORMATION_FORMAT = "dwarf-with-dsym";
				ENABLE_NS_ASSERTIONS = NO;
				ENABLE_STRICT_OBJC_MSGSEND = YES;
				GCC_C_LANGUAGE_STANDARD = gnu11;
				GCC_NO_COMMON_BLOCKS = YES;
				GCC_WARN_64_TO_32_BIT_CONVERSION = YES;
				GCC_WARN_ABOUT_RETURN_TYPE = YES_ERROR;
				GCC_WARN_UNDECLARED_SELECTOR = YES;
				GCC_WARN_UNINITIALIZED_AUTOS = YES_AGGRESSIVE;
				GCC_WARN_UNUSED_FUNCTION = YES;
				GCC_WARN_UNUSED_VARIABLE = YES;
				MTL_ENABLE_DEBUG_INFO = NO;
				MTL_FAST_MATH = YES;
				SWIFT_COMPILATION_MODE = wholemodule;
				SWIFT_OPTIMIZATION_LEVEL = "-O";
			};
			name = Release;
		};
		FAF0F89B2B88891400290E31 /* Debug */ = {
			isa = XCBuildConfiguration;
			buildSettings = {
				ASSETCATALOG_COMPILER_APPICON_NAME = AppIcon;
				ASSETCATALOG_COMPILER_GLOBAL_ACCENT_COLOR_NAME = AccentColor;
				CODE_SIGN_STYLE = Automatic;
				CURRENT_PROJECT_VERSION = 1;
				ENABLE_PREVIEWS = YES;
				GENERATE_INFOPLIST_FILE = YES;
				INFOPLIST_FILE = "E-Buy--iOS--Info.plist";
				INFOPLIST_KEY_UIApplicationSupportsIndirectInputEvents = YES;
				INFOPLIST_KEY_UILaunchScreen_Generation = YES;
				INFOPLIST_KEY_UIMainStoryboardFile = MainStoryboard;
				INFOPLIST_KEY_UISupportedInterfaceOrientations_iPad = "UIInterfaceOrientationPortrait UIInterfaceOrientationPortraitUpsideDown UIInterfaceOrientationLandscapeLeft UIInterfaceOrientationLandscapeRight";
				INFOPLIST_KEY_UISupportedInterfaceOrientations_iPhone = "UIInterfaceOrientationPortrait UIInterfaceOrientationLandscapeLeft UIInterfaceOrientationLandscapeRight";
				IPHONEOS_DEPLOYMENT_TARGET = 15.2;
				LD_RUNPATH_SEARCH_PATHS = (
					"$(inherited)",
					"@executable_path/Frameworks",
				);
				MARKETING_VERSION = 1.0;
				PRODUCT_BUNDLE_IDENTIFIER = "com.our.company.E-Buy";
				PRODUCT_NAME = "E-Buy";
				SDKROOT = iphoneos;
				SWIFT_EMIT_LOC_STRINGS = YES;
				SWIFT_VERSION = 5.0;
				TARGETED_DEVICE_FAMILY = "1,2";
			};
			name = Debug;
		};
		FAF0F89C2B88891400290E31 /* Release */ = {
			isa = XCBuildConfiguration;
			buildSettings = {
				ASSETCATALOG_COMPILER_APPICON_NAME = AppIcon;
				ASSETCATALOG_COMPILER_GLOBAL_ACCENT_COLOR_NAME = AccentColor;
				CODE_SIGN_STYLE = Automatic;
				CURRENT_PROJECT_VERSION = 1;
				ENABLE_PREVIEWS = YES;
				GENERATE_INFOPLIST_FILE = YES;
				INFOPLIST_FILE = "E-Buy--iOS--Info.plist";
				INFOPLIST_KEY_UIApplicationSupportsIndirectInputEvents = YES;
				INFOPLIST_KEY_UILaunchScreen_Generation = YES;
				INFOPLIST_KEY_UIMainStoryboardFile = MainStoryboard;
				INFOPLIST_KEY_UISupportedInterfaceOrientations_iPad = "UIInterfaceOrientationPortrait UIInterfaceOrientationPortraitUpsideDown UIInterfaceOrientationLandscapeLeft UIInterfaceOrientationLandscapeRight";
				INFOPLIST_KEY_UISupportedInterfaceOrientations_iPhone = "UIInterfaceOrientationPortrait UIInterfaceOrientationLandscapeLeft UIInterfaceOrientationLandscapeRight";
				IPHONEOS_DEPLOYMENT_TARGET = 15.2;
				LD_RUNPATH_SEARCH_PATHS = (
					"$(inherited)",
					"@executable_path/Frameworks",
				);
				MARKETING_VERSION = 1.0;
				PRODUCT_BUNDLE_IDENTIFIER = "com.our.company.E-Buy";
				PRODUCT_NAME = "E-Buy";
				SDKROOT = iphoneos;
				SWIFT_EMIT_LOC_STRINGS = YES;
				SWIFT_VERSION = 5.0;
				TARGETED_DEVICE_FAMILY = "1,2";
				VALIDATE_PRODUCT = YES;
			};
			name = Release;
		};
		FAF0F89E2B88891400290E31 /* Debug */ = {
			isa = XCBuildConfiguration;
			buildSettings = {
				ASSETCATALOG_COMPILER_APPICON_NAME = AppIcon;
				ASSETCATALOG_COMPILER_GLOBAL_ACCENT_COLOR_NAME = AccentColor;
				CODE_SIGN_ENTITLEMENTS = macOS/macOS.entitlements;
				CODE_SIGN_STYLE = Automatic;
				COMBINE_HIDPI_IMAGES = YES;
				CURRENT_PROJECT_VERSION = 1;
				ENABLE_PREVIEWS = YES;
				GENERATE_INFOPLIST_FILE = YES;
				INFOPLIST_KEY_NSHumanReadableCopyright = "";
				LD_RUNPATH_SEARCH_PATHS = (
					"$(inherited)",
					"@executable_path/../Frameworks",
				);
				MACOSX_DEPLOYMENT_TARGET = 11.7;
				MARKETING_VERSION = 1.0;
				PRODUCT_BUNDLE_IDENTIFIER = "com.our.company.E-Buy";
				PRODUCT_NAME = "E-Buy";
				SDKROOT = macosx;
				SWIFT_EMIT_LOC_STRINGS = YES;
				SWIFT_VERSION = 5.0;
			};
			name = Debug;
		};
		FAF0F89F2B88891400290E31 /* Release */ = {
			isa = XCBuildConfiguration;
			buildSettings = {
				ASSETCATALOG_COMPILER_APPICON_NAME = AppIcon;
				ASSETCATALOG_COMPILER_GLOBAL_ACCENT_COLOR_NAME = AccentColor;
				CODE_SIGN_ENTITLEMENTS = macOS/macOS.entitlements;
				CODE_SIGN_STYLE = Automatic;
				COMBINE_HIDPI_IMAGES = YES;
				CURRENT_PROJECT_VERSION = 1;
				ENABLE_PREVIEWS = YES;
				GENERATE_INFOPLIST_FILE = YES;
				INFOPLIST_KEY_NSHumanReadableCopyright = "";
				LD_RUNPATH_SEARCH_PATHS = (
					"$(inherited)",
					"@executable_path/../Frameworks",
				);
				MACOSX_DEPLOYMENT_TARGET = 11.7;
				MARKETING_VERSION = 1.0;
				PRODUCT_BUNDLE_IDENTIFIER = "com.our.company.E-Buy";
				PRODUCT_NAME = "E-Buy";
				SDKROOT = macosx;
				SWIFT_EMIT_LOC_STRINGS = YES;
				SWIFT_VERSION = 5.0;
			};
			name = Release;
		};
		FAF0F8A12B88891400290E31 /* Debug */ = {
			isa = XCBuildConfiguration;
			buildSettings = {
				ALWAYS_EMBED_SWIFT_STANDARD_LIBRARIES = YES;
				CODE_SIGN_STYLE = Automatic;
				CURRENT_PROJECT_VERSION = 1;
				GENERATE_INFOPLIST_FILE = YES;
				IPHONEOS_DEPLOYMENT_TARGET = 15.2;
				MARKETING_VERSION = 1.0;
				PRODUCT_BUNDLE_IDENTIFIER = "com.our.company.Tests-iOS";
				PRODUCT_NAME = "$(TARGET_NAME)";
				SDKROOT = iphoneos;
				SWIFT_EMIT_LOC_STRINGS = NO;
				SWIFT_VERSION = 5.0;
				TARGETED_DEVICE_FAMILY = "1,2";
				TEST_TARGET_NAME = "E-Buy (iOS)";
			};
			name = Debug;
		};
		FAF0F8A22B88891400290E31 /* Release */ = {
			isa = XCBuildConfiguration;
			buildSettings = {
				ALWAYS_EMBED_SWIFT_STANDARD_LIBRARIES = YES;
				CODE_SIGN_STYLE = Automatic;
				CURRENT_PROJECT_VERSION = 1;
				GENERATE_INFOPLIST_FILE = YES;
				IPHONEOS_DEPLOYMENT_TARGET = 15.2;
				MARKETING_VERSION = 1.0;
				PRODUCT_BUNDLE_IDENTIFIER = "com.our.company.Tests-iOS";
				PRODUCT_NAME = "$(TARGET_NAME)";
				SDKROOT = iphoneos;
				SWIFT_EMIT_LOC_STRINGS = NO;
				SWIFT_VERSION = 5.0;
				TARGETED_DEVICE_FAMILY = "1,2";
				TEST_TARGET_NAME = "E-Buy (iOS)";
				VALIDATE_PRODUCT = YES;
			};
			name = Release;
		};
		FAF0F8A42B88891400290E31 /* Debug */ = {
			isa = XCBuildConfiguration;
			buildSettings = {
				CODE_SIGN_STYLE = Automatic;
				CURRENT_PROJECT_VERSION = 1;
				GENERATE_INFOPLIST_FILE = YES;
				MACOSX_DEPLOYMENT_TARGET = 11.7;
				MARKETING_VERSION = 1.0;
				PRODUCT_BUNDLE_IDENTIFIER = "com.our.company.Tests-macOS";
				PRODUCT_NAME = "$(TARGET_NAME)";
				SDKROOT = macosx;
				SWIFT_EMIT_LOC_STRINGS = NO;
				SWIFT_VERSION = 5.0;
				TEST_TARGET_NAME = "E-Buy (macOS)";
			};
			name = Debug;
		};
		FAF0F8A52B88891400290E31 /* Release */ = {
			isa = XCBuildConfiguration;
			buildSettings = {
				CODE_SIGN_STYLE = Automatic;
				CURRENT_PROJECT_VERSION = 1;
				GENERATE_INFOPLIST_FILE = YES;
				MACOSX_DEPLOYMENT_TARGET = 11.7;
				MARKETING_VERSION = 1.0;
				PRODUCT_BUNDLE_IDENTIFIER = "com.our.company.Tests-macOS";
				PRODUCT_NAME = "$(TARGET_NAME)";
				SDKROOT = macosx;
				SWIFT_EMIT_LOC_STRINGS = NO;
				SWIFT_VERSION = 5.0;
				TEST_TARGET_NAME = "E-Buy (macOS)";
			};
			name = Release;
		};
/* End XCBuildConfiguration section */

/* Begin XCConfigurationList section */
		FAF0F8682B88891100290E31 /* Build configuration list for PBXProject "E-Buy" */ = {
			isa = XCConfigurationList;
			buildConfigurations = (
				FAF0F8982B88891400290E31 /* Debug */,
				FAF0F8992B88891400290E31 /* Release */,
			);
			defaultConfigurationIsVisible = 0;
			defaultConfigurationName = Release;
		};
		FAF0F89A2B88891400290E31 /* Build configuration list for PBXNativeTarget "E-Buy (iOS)" */ = {
			isa = XCConfigurationList;
			buildConfigurations = (
				FAF0F89B2B88891400290E31 /* Debug */,
				FAF0F89C2B88891400290E31 /* Release */,
			);
			defaultConfigurationIsVisible = 0;
			defaultConfigurationName = Release;
		};
		FAF0F89D2B88891400290E31 /* Build configuration list for PBXNativeTarget "E-Buy (macOS)" */ = {
			isa = XCConfigurationList;
			buildConfigurations = (
				FAF0F89E2B88891400290E31 /* Debug */,
				FAF0F89F2B88891400290E31 /* Release */,
			);
			defaultConfigurationIsVisible = 0;
			defaultConfigurationName = Release;
		};
		FAF0F8A02B88891400290E31 /* Build configuration list for PBXNativeTarget "Tests iOS" */ = {
			isa = XCConfigurationList;
			buildConfigurations = (
				FAF0F8A12B88891400290E31 /* Debug */,
				FAF0F8A22B88891400290E31 /* Release */,
			);
			defaultConfigurationIsVisible = 0;
			defaultConfigurationName = Release;
		};
		FAF0F8A32B88891400290E31 /* Build configuration list for PBXNativeTarget "Tests macOS" */ = {
			isa = XCConfigurationList;
			buildConfigurations = (
				FAF0F8A42B88891400290E31 /* Debug */,
				FAF0F8A52B88891400290E31 /* Release */,
			);
			defaultConfigurationIsVisible = 0;
			defaultConfigurationName = Release;
		};
/* End XCConfigurationList section */

/* Begin XCRemoteSwiftPackageReference section */
		FAC5610B2B890D1500AE8FFF /* XCRemoteSwiftPackageReference "SQLite.swift" */ = {
			isa = XCRemoteSwiftPackageReference;
			repositoryURL = "https://github.com/stephencelis/SQLite.swift.git";
			requirement = {
				kind = upToNextMajorVersion;
				minimumVersion = 0.9.2;
			};
		};
		FAD493392B8B490700DC8CCF /* XCRemoteSwiftPackageReference "SDWebImage" */ = {
			isa = XCRemoteSwiftPackageReference;
			repositoryURL = "https://github.com/SDWebImage/SDWebImage.git";
			requirement = {
				kind = upToNextMajorVersion;
				minimumVersion = 5.0.0;
			};
		};
/* End XCRemoteSwiftPackageReference section */

/* Begin XCSwiftPackageProductDependency section */
		FAC5610C2B890D1500AE8FFF /* SQLite */ = {
			isa = XCSwiftPackageProductDependency;
			package = FAC5610B2B890D1500AE8FFF /* XCRemoteSwiftPackageReference "SQLite.swift" */;
			productName = SQLite;
		};
		FAD4933A2B8B490700DC8CCF /* SDWebImage */ = {
			isa = XCSwiftPackageProductDependency;
			package = FAD493392B8B490700DC8CCF /* XCRemoteSwiftPackageReference "SDWebImage" */;
			productName = SDWebImage;
		};
		FAD4933C2B8B490700DC8CCF /* SDWebImageMapKit */ = {
			isa = XCSwiftPackageProductDependency;
			package = FAD493392B8B490700DC8CCF /* XCRemoteSwiftPackageReference "SDWebImage" */;
			productName = SDWebImageMapKit;
		};
/* End XCSwiftPackageProductDependency section */
	};
	rootObject = FAF0F8652B88891100290E31 /* Project object */;
}
